// !$*UTF8*$!
{
	archiveVersion = 1;
	classes = {
	};
	objectVersion = 46;
	objects = {

/* Begin PBXBuildFile section */
		BE40636F1DBFAF9A00A28017 /* main.m in Sources */ = {isa = PBXBuildFile; fileRef = BE40636E1DBFAF9A00A28017 /* main.m */; };
		BE4063721DBFAF9A00A28017 /* AppDelegate.m in Sources */ = {isa = PBXBuildFile; fileRef = BE4063711DBFAF9A00A28017 /* AppDelegate.m */; };
		BE4063751DBFAF9A00A28017 /* ViewController.m in Sources */ = {isa = PBXBuildFile; fileRef = BE4063741DBFAF9A00A28017 /* ViewController.m */; };
		BE4063781DBFAF9A00A28017 /* Main.storyboard in Resources */ = {isa = PBXBuildFile; fileRef = BE4063761DBFAF9A00A28017 /* Main.storyboard */; };
		BE40637A1DBFAF9B00A28017 /* Assets.xcassets in Resources */ = {isa = PBXBuildFile; fileRef = BE4063791DBFAF9B00A28017 /* Assets.xcassets */; };
		BE40637D1DBFAF9B00A28017 /* LaunchScreen.storyboard in Resources */ = {isa = PBXBuildFile; fileRef = BE40637B1DBFAF9B00A28017 /* LaunchScreen.storyboard */; };
		BE4063871DBFC26500A28017 /* Calculator.m in Sources */ = {isa = PBXBuildFile; fileRef = BE4063861DBFC26500A28017 /* Calculator.m */; };
		BE40638A1DBFD92900A28017 /* ScientificCalculator.m in Sources */ = {isa = PBXBuildFile; fileRef = BE4063891DBFD92900A28017 /* ScientificCalculator.m */; };
/* End PBXBuildFile section */

/* Begin PBXFileReference section */
		BE40636A1DBFAF9A00A28017 /* Calculator.app */ = {isa = PBXFileReference; explicitFileType = wrapper.application; includeInIndex = 0; path = Calculator.app; sourceTree = BUILT_PRODUCTS_DIR; };
		BE40636E1DBFAF9A00A28017 /* main.m */ = {isa = PBXFileReference; lastKnownFileType = sourcecode.c.objc; path = main.m; sourceTree = "<group>"; };
		BE4063701DBFAF9A00A28017 /* AppDelegate.h */ = {isa = PBXFileReference; lastKnownFileType = sourcecode.c.h; path = AppDelegate.h; sourceTree = "<group>"; };
		BE4063711DBFAF9A00A28017 /* AppDelegate.m */ = {isa = PBXFileReference; lastKnownFileType = sourcecode.c.objc; path = AppDelegate.m; sourceTree = "<group>"; };
		BE4063731DBFAF9A00A28017 /* ViewController.h */ = {isa = PBXFileReference; lastKnownFileType = sourcecode.c.h; path = ViewController.h; sourceTree = "<group>"; };
		BE4063741DBFAF9A00A28017 /* ViewController.m */ = {isa = PBXFileReference; lastKnownFileType = sourcecode.c.objc; path = ViewController.m; sourceTree = "<group>"; };
		BE4063771DBFAF9A00A28017 /* Base */ = {isa = PBXFileReference; lastKnownFileType = file.storyboard; name = Base; path = Base.lproj/Main.storyboard; sourceTree = "<group>"; };
		BE4063791DBFAF9B00A28017 /* Assets.xcassets */ = {isa = PBXFileReference; lastKnownFileType = folder.assetcatalog; path = Assets.xcassets; sourceTree = "<group>"; };
		BE40637C1DBFAF9B00A28017 /* Base */ = {isa = PBXFileReference; lastKnownFileType = file.storyboard; name = Base; path = Base.lproj/LaunchScreen.storyboard; sourceTree = "<group>"; };
		BE40637E1DBFAF9B00A28017 /* Info.plist */ = {isa = PBXFileReference; lastKnownFileType = text.plist.xml; path = Info.plist; sourceTree = "<group>"; };
		BE4063851DBFC26500A28017 /* Calculator.h */ = {isa = PBXFileReference; fileEncoding = 4; lastKnownFileType = sourcecode.c.h; path = Calculator.h; sourceTree = "<group>"; };
		BE4063861DBFC26500A28017 /* Calculator.m */ = {isa = PBXFileReference; fileEncoding = 4; lastKnownFileType = sourcecode.c.objc; path = Calculator.m; sourceTree = "<group>"; };
		BE4063881DBFD92900A28017 /* ScientificCalculator.h */ = {isa = PBXFileReference; fileEncoding = 4; lastKnownFileType = sourcecode.c.h; path = ScientificCalculator.h; sourceTree = "<group>"; };
		BE4063891DBFD92900A28017 /* ScientificCalculator.m */ = {isa = PBXFileReference; fileEncoding = 4; lastKnownFileType = sourcecode.c.objc; path = ScientificCalculator.m; sourceTree = "<group>"; };
		BE40638E1DC010E300A28017 /* WithExponents.h */ = {isa = PBXFileReference; fileEncoding = 4; lastKnownFileType = sourcecode.c.h; path = WithExponents.h; sourceTree = "<group>"; };
/* End PBXFileReference section */

/* Begin PBXFrameworksBuildPhase section */
		BE4063671DBFAF9A00A28017 /* Frameworks */ = {
			isa = PBXFrameworksBuildPhase;
			buildActionMask = 2147483647;
			files = (
			);
			runOnlyForDeploymentPostprocessing = 0;
		};
/* End PBXFrameworksBuildPhase section */

/* Begin PBXGroup section */
		BE4063611DBFAF9A00A28017 = {
			isa = PBXGroup;
			children = (
				BE40636C1DBFAF9A00A28017 /* Calculator */,
				BE40636B1DBFAF9A00A28017 /* Products */,
			);
			sourceTree = "<group>";
		};
		BE40636B1DBFAF9A00A28017 /* Products */ = {
			isa = PBXGroup;
			children = (
				BE40636A1DBFAF9A00A28017 /* Calculator.app */,
			);
			name = Products;
			sourceTree = "<group>";
		};
		BE40636C1DBFAF9A00A28017 /* Calculator */ = {
			isa = PBXGroup;
			children = (
				BE4063841DBFBB6D00A28017 /* Classes */,
				BE4063701DBFAF9A00A28017 /* AppDelegate.h */,
				BE4063711DBFAF9A00A28017 /* AppDelegate.m */,
				BE4063731DBFAF9A00A28017 /* ViewController.h */,
				BE4063741DBFAF9A00A28017 /* ViewController.m */,
				BE4063761DBFAF9A00A28017 /* Main.storyboard */,
				BE4063791DBFAF9B00A28017 /* Assets.xcassets */,
				BE40637B1DBFAF9B00A28017 /* LaunchScreen.storyboard */,
				BE40637E1DBFAF9B00A28017 /* Info.plist */,
				BE40636D1DBFAF9A00A28017 /* Supporting Files */,
			);
			path = Calculator;
			sourceTree = "<group>";
		};
		BE40636D1DBFAF9A00A28017 /* Supporting Files */ = {
			isa = PBXGroup;
			children = (
				BE40636E1DBFAF9A00A28017 /* main.m */,
			);
			name = "Supporting Files";
			sourceTree = "<group>";
		};
		BE4063841DBFBB6D00A28017 /* Classes */ = {
			isa = PBXGroup;
			children = (
				BE4063851DBFC26500A28017 /* Calculator.h */,
				BE4063861DBFC26500A28017 /* Calculator.m */,
				BE4063881DBFD92900A28017 /* ScientificCalculator.h */,
				BE4063891DBFD92900A28017 /* ScientificCalculator.m */,
				BE40638E1DC010E300A28017 /* WithExponents.h */,
			);
			name = Classes;
			sourceTree = "<group>";
		};
/* End PBXGroup section */

/* Begin PBXNativeTarget section */
		BE4063691DBFAF9A00A28017 /* Calculator */ = {
			isa = PBXNativeTarget;
			buildConfigurationList = BE4063811DBFAF9B00A28017 /* Build configuration list for PBXNativeTarget "Calculator" */;
			buildPhases = (
				BE4063661DBFAF9A00A28017 /* Sources */,
				BE4063671DBFAF9A00A28017 /* Frameworks */,
				BE4063681DBFAF9A00A28017 /* Resources */,
			);
			buildRules = (
			);
			dependencies = (
			);
			name = Calculator;
			productName = Calculator;
			productReference = BE40636A1DBFAF9A00A28017 /* Calculator.app */;
			productType = "com.apple.product-type.application";
		};
/* End PBXNativeTarget section */

/* Begin PBXProject section */
		BE4063621DBFAF9A00A28017 /* Project object */ = {
			isa = PBXProject;
			attributes = {
				LastUpgradeCheck = 0720;
				ORGANIZATIONNAME = "Dhammini Fernando";
				TargetAttributes = {
					BE4063691DBFAF9A00A28017 = {
						CreatedOnToolsVersion = 7.2;
					};
				};
			};
			buildConfigurationList = BE4063651DBFAF9A00A28017 /* Build configuration list for PBXProject "Calculator" */;
			compatibilityVersion = "Xcode 3.2";
			developmentRegion = English;
			hasScannedForEncodings = 0;
			knownRegions = (
				en,
				Base,
			);
			mainGroup = BE4063611DBFAF9A00A28017;
			productRefGroup = BE40636B1DBFAF9A00A28017 /* Products */;
			projectDirPath = "";
			projectRoot = "";
			targets = (
				BE4063691DBFAF9A00A28017 /* Calculator */,
			);
		};
/* End PBXProject section */

/* Begin PBXResourcesBuildPhase section */
		BE4063681DBFAF9A00A28017 /* Resources */ = {
			isa = PBXResourcesBuildPhase;
			buildActionMask = 2147483647;
			files = (
				BE40637D1DBFAF9B00A28017 /* LaunchScreen.storyboard in Resources */,
				BE40637A1DBFAF9B00A28017 /* Assets.xcassets in Resources */,
				BE4063781DBFAF9A00A28017 /* Main.storyboard in Resources */,
			);
			runOnlyForDeploymentPostprocessing = 0;
		};
/* End PBXResourcesBuildPhase section */

/* Begin PBXSourcesBuildPhase section */
		BE4063661DBFAF9A00A28017 /* Sources */ = {
			isa = PBXSourcesBuildPhase;
			buildActionMask = 2147483647;
			files = (
				BE4063751DBFAF9A00A28017 /* ViewController.m in Sources */,
				BE40638A1DBFD92900A28017 /* ScientificCalculator.m in Sources */,
				BE4063871DBFC26500A28017 /* Calculator.m in Sources */,
				BE4063721DBFAF9A00A28017 /* AppDelegate.m in Sources */,
				BE40636F1DBFAF9A00A28017 /* main.m in Sources */,
			);
			runOnlyForDeploymentPostprocessing = 0;
		};
/* End PBXSourcesBuildPhase section */

/* Begin PBXVariantGroup section */
		BE4063761DBFAF9A00A28017 /* Main.storyboard */ = {
			isa = PBXVariantGroup;
			children = (
				BE4063771DBFAF9A00A28017 /* Base */,
			);
			name = Main.storyboard;
			sourceTree = "<group>";
		};
		BE40637B1DBFAF9B00A28017 /* LaunchScreen.storyboard */ = {
			isa = PBXVariantGroup;
			children = (
				BE40637C1DBFAF9B00A28017 /* Base */,
			);
			name = LaunchScreen.storyboard;
			sourceTree = "<group>";
		};
/* End PBXVariantGroup section */

/* Begin XCBuildConfiguration section */
		BE40637F1DBFAF9B00A28017 /* Debug */ = {
			isa = XCBuildConfiguration;
			buildSettings = {
				ALWAYS_SEARCH_USER_PATHS = NO;
				CLANG_CXX_LANGUAGE_STANDARD = "gnu++0x";
				CLANG_CXX_LIBRARY = "libc++";
				CLANG_ENABLE_MODULES = YES;
				CLANG_ENABLE_OBJC_ARC = YES;
				CLANG_WARN_BOOL_CONVERSION = YES;
				CLANG_WARN_CONSTANT_CONVERSION = YES;
				CLANG_WARN_DIRECT_OBJC_ISA_USAGE = YES_ERROR;
				CLANG_WARN_EMPTY_BODY = YES;
				CLANG_WARN_ENUM_CONVERSION = YES;
				CLANG_WARN_INT_CONVERSION = YES;
				CLANG_WARN_OBJC_ROOT_CLASS = YES_ERROR;
				CLANG_WARN_UNREACHABLE_CODE = YES;
				CLANG_WARN__DUPLICATE_METHOD_MATCH = YES;
				"CODE_SIGN_IDENTITY[sdk=iphoneos*]" = "iPhone Developer";
				COPY_PHASE_STRIP = NO;
				DEBUG_INFORMATION_FORMAT = dwarf;
				ENABLE_STRICT_OBJC_MSGSEND = YES;
				ENABLE_TESTABILITY = YES;
				GCC_C_LANGUAGE_STANDARD = gnu99;
				GCC_DYNAMIC_NO_PIC = NO;
				GCC_NO_COMMON_BLOCKS = YES;
				GCC_OPTIMIZATION_LEVEL = 0;
				GCC_PREPROCESSOR_DEFINITIONS = (
					"DEBUG=1",
					"$(inherited)",
				);
				GCC_WARN_64_TO_32_BIT_CONVERSION = YES;
				GCC_WARN_ABOUT_RETURN_TYPE = YES_ERROR;
				GCC_WARN_UNDECLARED_SELECTOR = YES;
				GCC_WARN_UNINITIALIZED_AUTOS = YES_AGGRESSIVE;
				GCC_WARN_UNUSED_FUNCTION = YES;
				GCC_WARN_UNUSED_VARIABLE = YES;
				IPHONEOS_DEPLOYMENT_TARGET = 9.2;
				MTL_ENABLE_DEBUG_INFO = YES;
				ONLY_ACTIVE_ARCH = YES;
				SDKROOT = iphoneos;
				TARGETED_DEVICE_FAMILY = "1,2";
			};
			name = Debug;
		};
		BE4063801DBFAF9B00A28017 /* Release */ = {
			isa = XCBuildConfiguration;
			buildSettings = {
				ALWAYS_SEARCH_USER_PATHS = NO;
				CLANG_CXX_LANGUAGE_STANDARD = "gnu++0x";
				CLANG_CXX_LIBRARY = "libc++";
				CLANG_ENABLE_MODULES = YES;
				CLANG_ENABLE_OBJC_ARC = YES;
				CLANG_WARN_BOOL_CONVERSION = YES;
				CLANG_WARN_CONSTANT_CONVERSION = YES;
				CLANG_WARN_DIRECT_OBJC_ISA_USAGE = YES_ERROR;
				CLANG_WARN_EMPTY_BODY = YES;
				CLANG_WARN_ENUM_CONVERSION = YES;
				CLANG_WARN_INT_CONVERSION = YES;
				CLANG_WARN_OBJC_ROOT_CLASS = YES_ERROR;
				CLANG_WARN_UNREACHABLE_CODE = YES;
				CLANG_WARN__DUPLICATE_METHOD_MATCH = YES;
				"CODE_SIGN_IDENTITY[sdk=iphoneos*]" = "iPhone Developer";
				COPY_PHASE_STRIP = NO;
				DEBUG_INFORMATION_FORMAT = "dwarf-with-dsym";
				ENABLE_NS_ASSERTIONS = NO;
				ENABLE_STRICT_OBJC_MSGSEND = YES;
				GCC_C_LANGUAGE_STANDARD = gnu99;
				GCC_NO_COMMON_BLOCKS = YES;
				GCC_WARN_64_TO_32_BIT_CONVERSION = YES;
				GCC_WARN_ABOUT_RETURN_TYPE = YES_ERROR;
				GCC_WARN_UNDECLARED_SELECTOR = YES;
				GCC_WARN_UNINITIALIZED_AUTOS = YES_AGGRESSIVE;
				GCC_WARN_UNUSED_FUNCTION = YES;
				GCC_WARN_UNUSED_VARIABLE = YES;
				IPHONEOS_DEPLOYMENT_TARGET = 9.2;
				MTL_ENABLE_DEBUG_INFO = NO;
				SDKROOT = iphoneos;
				TARGETED_DEVICE_FAMILY = "1,2";
				VALIDATE_PRODUCT = YES;
			};
			name = Release;
		};
		BE4063821DBFAF9B00A28017 /* Debug */ = {
			isa = XCBuildConfiguration;
			buildSettings = {
				ASSETCATALOG_COMPILER_APPICON_NAME = AppIcon;
				INFOPLIST_FILE = Calculator/Info.plist;
				LD_RUNPATH_SEARCH_PATHS = "$(inherited) @executable_path/Frameworks";
				PRODUCT_BUNDLE_IDENTIFIER = com.dfernando.Calculator;
				PRODUCT_NAME = "$(TARGET_NAME)";
			};
			name = Debug;
		};
		BE4063831DBFAF9B00A28017 /* Release */ = {
			isa = XCBuildConfiguration;
			buildSettings = {
				ASSETCATALOG_COMPILER_APPICON_NAME = AppIcon;
				INFOPLIST_FILE = Calculator/Info.plist;
				LD_RUNPATH_SEARCH_PATHS = "$(inherited) @executable_path/Frameworks";
				PRODUCT_BUNDLE_IDENTIFIER = com.dfernando.Calculator;
				PRODUCT_NAME = "$(TARGET_NAME)";
			};
			name = Release;
		};
/* End XCBuildConfiguration section */

/* Begin XCConfigurationList section */
		BE4063651DBFAF9A00A28017 /* Build configuration list for PBXProject "Calculator" */ = {
			isa = XCConfigurationList;
			buildConfigurations = (
				BE40637F1DBFAF9B00A28017 /* Debug */,
				BE4063801DBFAF9B00A28017 /* Release */,
			);
			defaultConfigurationIsVisible = 0;
			defaultConfigurationName = Release;
		};
		BE4063811DBFAF9B00A28017 /* Build configuration list for PBXNativeTarget "Calculator" */ = {
			isa = XCConfigurationList;
			buildConfigurations = (
				BE4063821DBFAF9B00A28017 /* Debug */,
				BE4063831DBFAF9B00A28017 /* Release */,
			);
			defaultConfigurationIsVisible = 0;
			defaultConfigurationName = Release;
		};
/* End XCConfigurationList section */
	};
	rootObject = BE4063621DBFAF9A00A28017 /* Project object */;
}
